
Microsoft Visual Studio Solution File, Format Version 11.00
# Visual Studio 2010
Project("{FAE04EC0-301F-11D3-BF4B-00C04F79EFBC}") = "MvcMovie", "MvcMovie\MvcMovie.csproj", "{5093734A-6E2C-45AE-BDB4-F1C5BBFD633B}"
EndProject
Project("{FAE04EC0-301F-11D3-BF4B-00C04F79EFBC}") = "MvcMovie.Tests", "MvcMovie.Tests\MvcMovie.Tests.csproj", "{C07DEF8B-D541-47F7-B4C0-0975E78BFA3D}"
EndProject
Global
	GlobalSection(SolutionConfigurationPlatforms) = preSolution
		Debug|Any CPU = Debug|Any CPU
		Release|Any CPU = Release|Any CPU
	EndGlobalSection
	GlobalSection(ProjectConfigurationPlatforms) = postSolution
		{5093734A-6E2C-45AE-BDB4-F1C5BBFD633B}.Debug|Any CPU.ActiveCfg = Debug|Any CPU
		{5093734A-6E2C-45AE-BDB4-F1C5BBFD633B}.Debug|Any CPU.Build.0 = Debug|Any CPU
		{5093734A-6E2C-45AE-BDB4-F1C5BBFD633B}.Release|Any CPU.ActiveCfg = Release|Any CPU
		{5093734A-6E2C-45AE-BDB4-F1C5BBFD633B}.Release|Any CPU.Build.0 = Release|Any CPU
		{C07DEF8B-D541-47F7-B4C0-0975E78BFA3D}.Debug|Any CPU.ActiveCfg = Debug|Any CPU
		{C07DEF8B-D541-47F7-B4C0-0975E78BFA3D}.Debug|Any CPU.Build.0 = Debug|Any CPU
		{C07DEF8B-D541-47F7-B4C0-0975E78BFA3D}.Release|Any CPU.ActiveCfg = Release|Any CPU
		{C07DEF8B-D541-47F7-B4C0-0975E78BFA3D}.Release|Any CPU.Build.0 = Release|Any CPU
	EndGlobalSection
	GlobalSection(SolutionProperties) = preSolution
		HideSolutionNode = FALSE
	EndGlobalSection
EndGlobal
